hash: d521449fd1ccbcc6752cf851621a7738de377698fd2b946e863909082454e5ff
updated: 2018-09-10T15:23:48.284293+01:00
imports:
- name: github.com/beorn7/perks
  version: 4c0e84591b9aa9e6dcfdf3e020114cd81f89d5f9
  subpackages:
  - quantile
- name: github.com/golang/protobuf
  version: 1643683e1b54a9e88ad26d98f81400c8c9d9f4f9
  subpackages:
  - proto
- name: github.com/matttproud/golang_protobuf_extensions
  version: c12348ce28de40eed0136aa2b644d0ee0650e56c
  subpackages:
  - pbutil
- name: github.com/nginxinc/nginx-plus-go-sdk
  version: 47154e1ef11536726753d5f506babe9304d622d2
  subpackages:
  - client
- name: github.com/prometheus/client_golang
  version: e69720d204a4aa3b0c65dc91208645ba0a52b9cd
  subpackages:
  - prometheus
  - prometheus/promhttp
- name: github.com/prometheus/client_model
  version: 99fa1f4be8e564e8a6b613da7fa6f46c9edafc6c
  subpackages:
  - go
- name: github.com/prometheus/common
  version: 89604d197083d4781071d3c65855d24ecfb0a563
  subpackages:
  - expfmt
  - internal/bitbucket.org/ww/goautoneg
  - model
- name: github.com/prometheus/procfs
  version: 282c8707aa210456a825798969cc27edda34992a
  subpackages:
  - internal/util
  - nfs
  - xfs
testImports: []
