hash: b62c6e250515f52280a59752a7075ef981a91b95b5f4c745d101b9eded3b217d
updated: 2018-02-16T19:25:05.201189672Z
imports:
- name: github.com/beorn7/perks
  version: 4c0e84591b9aa9e6dcfdf3e020114cd81f89d5f9
  subpackages:
  - quantile
- name: github.com/golang/protobuf
  version: 1643683e1b54a9e88ad26d98f81400c8c9d9f4f9
  subpackages:
  - proto
- name: github.com/matttproud/golang_protobuf_extensions
  version: c12348ce28de40eed0136aa2b644d0ee0650e56c
  subpackages:
  - pbutil
- name: github.com/prometheus/client_golang
  version: e69720d204a4aa3b0c65dc91208645ba0a52b9cd
  subpackages:
  - prometheus
  - prometheus/promhttp
- name: github.com/prometheus/client_model
  version: 99fa1f4be8e564e8a6b613da7fa6f46c9edafc6c
  subpackages:
  - go
- name: github.com/prometheus/common
  version: 89604d197083d4781071d3c65855d24ecfb0a563
  subpackages:
  - expfmt
  - internal/bitbucket.org/ww/goautoneg
  - model
- name: github.com/prometheus/procfs
  version: 282c8707aa210456a825798969cc27edda34992a
  subpackages:
  - internal/util
  - nfs
  - xfs
testImports: []
